lockfileVersion: '9.0'

settings:
  autoInstallPeers: true
  excludeLinksFromLockfile: false

importers:

  .:
    devDependencies:
      '@types/chai':
        specifier: ^5.0.0
        version: 5.0.0
      '@types/node-fetch':
        specifier: ^2.6.11
        version: 2.6.11
      '@types/sinon':
        specifier: ^17.0.3
        version: 17.0.3

packages:

  '@types/chai@5.0.0':
    resolution: {integrity: sha512-+DwhEHAaFPPdJ2ral3kNHFQXnTfscEEFsUxzD+d7nlcLrFK23JtNjH71RGasTcHb88b4vVi4mTyfpf8u2L8bdA==}

  '@types/node-fetch@2.6.11':
    resolution: {integrity: sha512-24xFj9R5+rfQJLRyM56qh+wnVSYhyXC2tkoBndtY0U+vubqNsYXGjufB2nn8Q6gt0LrARwL6UBtMCSVCwl4B1g==}

  '@types/node@22.7.0':
    resolution: {integrity: sha512-MOdOibwBs6KW1vfqz2uKMlxq5xAfAZ98SZjO8e3XnAbFnTJtAspqhWk7hrdSAs9/Y14ZWMiy7/MxMUzAOadYEw==}

  '@types/sinon@17.0.3':
    resolution: {integrity: sha512-j3uovdn8ewky9kRBG19bOwaZbexJu/XjtkHyjvUgt4xfPFz18dcORIMqnYh66Fx3Powhcr85NT5+er3+oViapw==}

  '@types/sinonjs__fake-timers@8.1.5':
    resolution: {integrity: sha512-mQkU2jY8jJEF7YHjHvsQO8+3ughTL1mcnn96igfhONmR+fUPSKIkefQYpSe8bsly2Ep7oQbn/6VG5/9/0qcArQ==}

  asynckit@0.4.0:
    resolution: {integrity: sha512-Oei9OH4tRh0YqU3GxhX79dM/mwVgvbZJaSNaRk+bshkj0S5cfHcgYakreBjrHwatXKbz+IoIdYLxrKim2MjW0Q==}

  combined-stream@1.0.8:
    resolution: {integrity: sha512-FQN4MRfuJeHf7cBbBMJFXhKSDq+2kAArBlmRBvcvFE5BB1HZKXtSFASDhdlz9zOYwxh8lDdnvmMOe/+5cdoEdg==}
    engines: {node: '>= 0.8'}

  delayed-stream@1.0.0:
    resolution: {integrity: sha512-ZySD7Nf91aLB0RxL4KGrKHBXl7Eds1DAmEdcoVawXnLD7SDhpNgtuII2aAkg7a7QS41jxPSZ17p4VdGnMHk3MQ==}
    engines: {node: '>=0.4.0'}

  form-data@4.0.0:
    resolution: {integrity: sha512-ETEklSGi5t0QMZuiXoA/Q6vcnxcLQP5vdugSpuAyi6SVGi2clPPp+xgEhuMaHC+zGgn31Kd235W35f7Hykkaww==}
    engines: {node: '>= 6'}

  mime-db@1.52.0:
    resolution: {integrity: sha512-sPU4uV7dYlvtWJxwwxHD0PuihVNiE7TyAbQ5SWxDCB9mUYvOgroQOwYQQOKPJ8CIbE+1ETVlOoK1UC2nU3gYvg==}
    engines: {node: '>= 0.6'}

  mime-types@2.1.35:
    resolution: {integrity: sha512-ZDY+bPm5zTTF+YpCrAU9nK0UgICYPT0QtT1NZWFv4s++TNkcgVaT0g6+4R2uI4MjQjzysHB1zxuWL50hzaeXiw==}
    engines: {node: '>= 0.6'}

  undici-types@6.19.8:
    resolution: {integrity: sha512-ve2KP6f/JnbPBFyobGHuerC9g1FYGn/F8n1LWTwNxCEzd6IfqTwUQcNXgEtmmQ6DlRrC1hrSrBnCZPokRrDHjw==}

snapshots:

  '@types/chai@5.0.0': {}

  '@types/node-fetch@2.6.11':
    dependencies:
      '@types/node': 22.7.0
      form-data: 4.0.0

  '@types/node@22.7.0':
    dependencies:
      undici-types: 6.19.8

  '@types/sinon@17.0.3':
    dependencies:
      '@types/sinonjs__fake-timers': 8.1.5

  '@types/sinonjs__fake-timers@8.1.5': {}

  asynckit@0.4.0: {}

  combined-stream@1.0.8:
    dependencies:
      delayed-stream: 1.0.0

  delayed-stream@1.0.0: {}

  form-data@4.0.0:
    dependencies:
      asynckit: 0.4.0
      combined-stream: 1.0.8
      mime-types: 2.1.35

  mime-db@1.52.0: {}

  mime-types@2.1.35:
    dependencies:
      mime-db: 1.52.0

  undici-types@6.19.8: {}
